
Microsoft Visual Studio Solution File, Format Version 12.00
# Visual Studio Version 16
VisualStudioVersion = 16.0.31911.196
MinimumVisualStudioVersion = 10.0.40219.1
Project("{FAE04EC0-301F-11D3-BF4B-00C04F79EFBC}") = "BSM", "BSM.csproj", "{50F9376D-F48D-41B8-9397-42B36760A5AD}"
EndProject
Project("{FAE04EC0-301F-11D3-BF4B-00C04F79EFBC}") = "BSM_DB", "..\BSM_DB\BSM_DB.csproj", "{2F4DCC3B-F734-4623-9392-057A2E743A90}"
EndProject
Global
	GlobalSection(SolutionConfigurationPlatforms) = preSolution
		Debug|Any CPU = Debug|Any CPU
		Release|Any CPU = Release|Any CPU
	EndGlobalSection
	GlobalSection(ProjectConfigurationPlatforms) = postSolution
		{50F9376D-F48D-41B8-9397-42B36760A5AD}.Debug|Any CPU.ActiveCfg = Debug|Any CPU
		{50F9376D-F48D-41B8-9397-42B36760A5AD}.Debug|Any CPU.Build.0 = Debug|Any CPU
		{50F9376D-F48D-41B8-9397-42B36760A5AD}.Release|Any CPU.ActiveCfg = Release|Any CPU
		{50F9376D-F48D-41B8-9397-42B36760A5AD}.Release|Any CPU.Build.0 = Release|Any CPU
		{2F4DCC3B-F734-4623-9392-057A2E743A90}.Debug|Any CPU.ActiveCfg = Debug|Any CPU
		{2F4DCC3B-F734-4623-9392-057A2E743A90}.Debug|Any CPU.Build.0 = Debug|Any CPU
		{2F4DCC3B-F734-4623-9392-057A2E743A90}.Release|Any CPU.ActiveCfg = Release|Any CPU
		{2F4DCC3B-F734-4623-9392-057A2E743A90}.Release|Any CPU.Build.0 = Release|Any CPU
	EndGlobalSection
	GlobalSection(SolutionProperties) = preSolution
		HideSolutionNode = FALSE
	EndGlobalSection
	GlobalSection(ExtensibilityGlobals) = postSolution
		SolutionGuid = {7D274DFE-E8EF-4160-868F-F0F3751E3440}
	EndGlobalSection
EndGlobal
